
Microsoft Visual Studio Solution File, Format Version 12.00
# Visual Studio Version 17
VisualStudioVersion = 17.3.32819.101
MinimumVisualStudioVersion = 10.0.40219.1
Project("{9A19103F-16F7-4668-BE54-9A1E7A4F7556}") = "DummyBlazorApp", "DummyBlazorApp\DummyBlazorApp.csproj", "{8100501D-BBD4-44E3-9E32-92CB6D949972}"
EndProject
Project("{2150E333-8FDC-42A3-9474-1A3956D46DE8}") = "Solution Items", "Solution Items", "{AD59BB59-C9BA-4E98-9042-F8E716360822}"
EndProject
Global
	GlobalSection(SolutionConfigurationPlatforms) = preSolution
		Debug|Any CPU = Debug|Any CPU
		Release|Any CPU = Release|Any CPU
	EndGlobalSection
	GlobalSection(ProjectConfigurationPlatforms) = postSolution
		{8100501D-BBD4-44E3-9E32-92CB6D949972}.Debug|Any CPU.ActiveCfg = Debug|Any CPU
		{8100501D-BBD4-44E3-9E32-92CB6D949972}.Debug|Any CPU.Build.0 = Debug|Any CPU
		{8100501D-BBD4-44E3-9E32-92CB6D949972}.Release|Any CPU.ActiveCfg = Release|Any CPU
		{8100501D-BBD4-44E3-9E32-92CB6D949972}.Release|Any CPU.Build.0 = Release|Any CPU
	EndGlobalSection
	GlobalSection(SolutionProperties) = preSolution
		HideSolutionNode = FALSE
	EndGlobalSection
	GlobalSection(ExtensibilityGlobals) = postSolution
		SolutionGuid = {0E1E3992-A04E-4F74-AC2E-0579A715E848}
	EndGlobalSection
EndGlobal
