
Microsoft Visual Studio Solution File, Format Version 12.00
# Visual Studio Version 17
VisualStudioVersion = 17.3.32901.215
MinimumVisualStudioVersion = 10.0.40219.1
Project("{FAE04EC0-301F-11D3-BF4B-00C04F79EFBC}") = "BlazorLearningRazorLibrary", "BlazorLearningRazorLibrary\BlazorLearningRazorLibrary.csproj", "{C5466398-195A-4F09-8A99-2246E91EC382}"
EndProject
Global
	GlobalSection(SolutionConfigurationPlatforms) = preSolution
		Debug|Any CPU = Debug|Any CPU
		Release|Any CPU = Release|Any CPU
	EndGlobalSection
	GlobalSection(ProjectConfigurationPlatforms) = postSolution
		{C5466398-195A-4F09-8A99-2246E91EC382}.Debug|Any CPU.ActiveCfg = Debug|Any CPU
		{C5466398-195A-4F09-8A99-2246E91EC382}.Debug|Any CPU.Build.0 = Debug|Any CPU
		{C5466398-195A-4F09-8A99-2246E91EC382}.Release|Any CPU.ActiveCfg = Release|Any CPU
		{C5466398-195A-4F09-8A99-2246E91EC382}.Release|Any CPU.Build.0 = Release|Any CPU
	EndGlobalSection
	GlobalSection(SolutionProperties) = preSolution
		HideSolutionNode = FALSE
	EndGlobalSection
	GlobalSection(ExtensibilityGlobals) = postSolution
		SolutionGuid = {CA90CC88-D8C6-4586-B2E6-60D0C6AA58AA}
	EndGlobalSection
EndGlobal
