
Microsoft Visual Studio Solution File, Format Version 12.00
# Visual Studio Version 17
VisualStudioVersion = 17.3.32929.385
MinimumVisualStudioVersion = 10.0.40219.1
Project("{FAE04EC0-301F-11D3-BF4B-00C04F79EFBC}") = "Blog.Api", "Blog.Api\Blog.Api.csproj", "{0BE08729-4F71-473D-BDCA-A9CFFF944262}"
EndProject
Project("{FAE04EC0-301F-11D3-BF4B-00C04F79EFBC}") = "Blog.Data", "Blog.Data\Blog.Data.csproj", "{A043780A-B8D7-49CB-8BCB-016D7EC9DCBA}"
EndProject
Project("{FAE04EC0-301F-11D3-BF4B-00C04F79EFBC}") = "Blog.Common", "Blog.Common\Blog.Common.csproj", "{DCC1F260-7AA7-44EE-9305-BC7CCFC058DD}"
EndProject
Project("{FAE04EC0-301F-11D3-BF4B-00C04F79EFBC}") = "Blog.Logic", "Blog.Logic\Blog.Logic.csproj", "{086EBE2A-AA18-4584-9DD8-A15B9C71CFD9}"
EndProject
Project("{FAE04EC0-301F-11D3-BF4B-00C04F79EFBC}") = "Blog.Test", "Blog.Test\Blog.Test.csproj", "{E76DE130-FF5F-4C59-9F6D-6058C7E0638D}"
EndProject
Project("{FAE04EC0-301F-11D3-BF4B-00C04F79EFBC}") = "Blog.Web", "Blog.Web\Blog.Web.csproj", "{DB3D824C-5033-489C-8D89-29DA7A61A124}"
EndProject
Global
	GlobalSection(SolutionConfigurationPlatforms) = preSolution
		Debug|Any CPU = Debug|Any CPU
		Release|Any CPU = Release|Any CPU
	EndGlobalSection
	GlobalSection(ProjectConfigurationPlatforms) = postSolution
		{0BE08729-4F71-473D-BDCA-A9CFFF944262}.Debug|Any CPU.ActiveCfg = Debug|Any CPU
		{0BE08729-4F71-473D-BDCA-A9CFFF944262}.Debug|Any CPU.Build.0 = Debug|Any CPU
		{0BE08729-4F71-473D-BDCA-A9CFFF944262}.Release|Any CPU.ActiveCfg = Release|Any CPU
		{0BE08729-4F71-473D-BDCA-A9CFFF944262}.Release|Any CPU.Build.0 = Release|Any CPU
		{A043780A-B8D7-49CB-8BCB-016D7EC9DCBA}.Debug|Any CPU.ActiveCfg = Debug|Any CPU
		{A043780A-B8D7-49CB-8BCB-016D7EC9DCBA}.Debug|Any CPU.Build.0 = Debug|Any CPU
		{A043780A-B8D7-49CB-8BCB-016D7EC9DCBA}.Release|Any CPU.ActiveCfg = Release|Any CPU
		{A043780A-B8D7-49CB-8BCB-016D7EC9DCBA}.Release|Any CPU.Build.0 = Release|Any CPU
		{DCC1F260-7AA7-44EE-9305-BC7CCFC058DD}.Debug|Any CPU.ActiveCfg = Debug|Any CPU
		{DCC1F260-7AA7-44EE-9305-BC7CCFC058DD}.Debug|Any CPU.Build.0 = Debug|Any CPU
		{DCC1F260-7AA7-44EE-9305-BC7CCFC058DD}.Release|Any CPU.ActiveCfg = Release|Any CPU
		{DCC1F260-7AA7-44EE-9305-BC7CCFC058DD}.Release|Any CPU.Build.0 = Release|Any CPU
		{086EBE2A-AA18-4584-9DD8-A15B9C71CFD9}.Debug|Any CPU.ActiveCfg = Debug|Any CPU
		{086EBE2A-AA18-4584-9DD8-A15B9C71CFD9}.Debug|Any CPU.Build.0 = Debug|Any CPU
		{086EBE2A-AA18-4584-9DD8-A15B9C71CFD9}.Release|Any CPU.ActiveCfg = Release|Any CPU
		{086EBE2A-AA18-4584-9DD8-A15B9C71CFD9}.Release|Any CPU.Build.0 = Release|Any CPU
		{E76DE130-FF5F-4C59-9F6D-6058C7E0638D}.Debug|Any CPU.ActiveCfg = Debug|Any CPU
		{E76DE130-FF5F-4C59-9F6D-6058C7E0638D}.Debug|Any CPU.Build.0 = Debug|Any CPU
		{E76DE130-FF5F-4C59-9F6D-6058C7E0638D}.Release|Any CPU.ActiveCfg = Release|Any CPU
		{E76DE130-FF5F-4C59-9F6D-6058C7E0638D}.Release|Any CPU.Build.0 = Release|Any CPU
		{DB3D824C-5033-489C-8D89-29DA7A61A124}.Debug|Any CPU.ActiveCfg = Debug|Any CPU
		{DB3D824C-5033-489C-8D89-29DA7A61A124}.Debug|Any CPU.Build.0 = Debug|Any CPU
		{DB3D824C-5033-489C-8D89-29DA7A61A124}.Release|Any CPU.ActiveCfg = Release|Any CPU
		{DB3D824C-5033-489C-8D89-29DA7A61A124}.Release|Any CPU.Build.0 = Release|Any CPU
	EndGlobalSection
	GlobalSection(SolutionProperties) = preSolution
		HideSolutionNode = FALSE
	EndGlobalSection
	GlobalSection(ExtensibilityGlobals) = postSolution
		SolutionGuid = {AE12B04F-A411-4C6D-A001-3D015716B06C}
	EndGlobalSection
EndGlobal
